
Microsoft Visual Studio Solution File, Format Version 12.00
# Visual Studio 15
VisualStudioVersion = 15.0.27703.2042
MinimumVisualStudioVersion = 10.0.40219.1
Project("{FAE04EC0-301F-11D3-BF4B-00C04F79EFBC}") = "SuperGood", "SuperGood\SuperGood.csproj", "{C632AF28-EEE6-4D6F-9D3E-8C865117C745}"
EndProject
Global
	GlobalSection(SolutionConfigurationPlatforms) = preSolution
		Debug|Any CPU = Debug|Any CPU
		Release|Any CPU = Release|Any CPU
	EndGlobalSection
	GlobalSection(ProjectConfigurationPlatforms) = postSolution
		{C632AF28-EEE6-4D6F-9D3E-8C865117C745}.Debug|Any CPU.ActiveCfg = Debug|Any CPU
		{C632AF28-EEE6-4D6F-9D3E-8C865117C745}.Debug|Any CPU.Build.0 = Debug|Any CPU
		{C632AF28-EEE6-4D6F-9D3E-8C865117C745}.Release|Any CPU.ActiveCfg = Release|Any CPU
		{C632AF28-EEE6-4D6F-9D3E-8C865117C745}.Release|Any CPU.Build.0 = Release|Any CPU
	EndGlobalSection
	GlobalSection(SolutionProperties) = preSolution
		HideSolutionNode = FALSE
	EndGlobalSection
	GlobalSection(ExtensibilityGlobals) = postSolution
		SolutionGuid = {F16A862F-4C3D-402D-AAD5-49B0D00516A0}
	EndGlobalSection
EndGlobal
